version = 1
revision = 3
requires-python = ">=3.10"

[[package]]
name = "ijson"
version = "3.4.0.post0"
source = { registry = "https://pypi.org/simple" }
sdist = { url = "https://files.pythonhosted.org/packages/2d/30/7ab4b9e88e7946f6beef419f74edcc541df3ea562c7882257b4eaa82417d/ijson-3.4.0.post0.tar.gz", hash = "sha256:9aa02dc70bb245670a6ca7fba737b992aeeb4895360980622f7e568dbf23e41e", size = 67216, upload-time = "2025-10-10T05:29:25.62Z" }
wheels = [
    { url = "https://files.pythonhosted.org/packages/b5/15/4f4921ed9ab94032fd0b03ecb211ff9dbd5cc9953463f5b5c4ddeab406fc/ijson-3.4.0.post0-cp310-cp310-macosx_10_9_universal2.whl", hash = "sha256:8f904a405b58a04b6ef0425f1babbc5c65feb66b0a4cc7f214d4ad7de106f77d", size = 88244, upload-time = "2025-10-10T05:27:42.001Z" },
    { url = "https://files.pythonhosted.org/packages/af/d6/b85d4da1752362a789bc3e0fc4b55e812a374a50d2fe1c06cab2e2bcb170/ijson-3.4.0.post0-cp310-cp310-macosx_10_9_x86_64.whl", hash = "sha256:a07dcc1a8a1ddd76131a7c7528cbd12951c2e34eb3c3d63697b905069a2d65b1", size = 59880, upload-time = "2025-10-10T05:27:44.791Z" },
    { url = "https://files.pythonhosted.org/packages/c3/96/e1027e6d0efb5b9192bdc9f0af5633c20a56999cce4cf7ad35427f823138/ijson-3.4.0.post0-cp310-cp310-macosx_11_0_arm64.whl", hash = "sha256:ab3be841b8c430c1883b8c0775eb551f21b5500c102c7ee828afa35ddd701bdd", size = 59939, upload-time = "2025-10-10T05:27:45.66Z" },
    { url = "https://files.pythonhosted.org/packages/e3/71/b9ca0a19afb2f36be35c6afa2c4d1c19950dc45f6a50b483b56082b3e165/ijson-3.4.0.post0-cp310-cp310-manylinux1_i686.manylinux_2_28_i686.manylinux_2_5_i686.whl", hash = "sha256:43059ae0d657b11c5ddb11d149bc400c44f9e514fb8663057e9b2ea4d8d44c1f", size = 125894, upload-time = "2025-10-10T05:27:46.551Z" },
    { url = "https://files.pythonhosted.org/packages/02/1b/f7356de078d85564829c5e2a2a31473ee0ad1876258ceecf550b582e57b7/ijson-3.4.0.post0-cp310-cp310-manylinux2014_aarch64.manylinux_2_17_aarch64.manylinux_2_28_aarch64.whl", hash = "sha256:0d3e82963096579d1385c06b2559570d7191e225664b7fa049617da838e1a4a4", size = 132385, upload-time = "2025-10-10T05:27:48Z" },
    { url = "https://files.pythonhosted.org/packages/57/7b/08f86eed5df0849b673260dd2943b6a7367a55b5a4b6e73ddbfbdf4206f1/ijson-3.4.0.post0-cp310-cp310-manylinux2014_x86_64.manylinux_2_17_x86_64.manylinux_2_28_x86_64.whl", hash = "sha256:461ce4e87a21a261b60c0a68a2ad17c7dd214f0b90a0bec7e559a66b6ae3bd7e", size = 129567, upload-time = "2025-10-10T05:27:49.188Z" },
    { url = "https://files.pythonhosted.org/packages/96/e1/69672d95b1a16e7c6bf89cef6c892b228cc84b484945a731786a425700d2/ijson-3.4.0.post0-cp310-cp310-musllinux_1_2_aarch64.whl", hash = "sha256:890cf6610c9554efcb9765a93e368efeb5bb6135f59ce0828d92eaefff07fde5", size = 132821, upload-time = "2025-10-10T05:27:50.342Z" },
    { url = "https://files.pythonhosted.org/packages/0b/15/9ed4868e2e92db2454508f7ea1282bec0b039bd344ac0cbac4a2de16786d/ijson-3.4.0.post0-cp310-cp310-musllinux_1_2_i686.whl", hash = "sha256:6793c29a5728e7751a7df01be58ba7da9b9690c12bf79d32094c70a908fa02b9", size = 127757, upload-time = "2025-10-10T05:27:51.203Z" },
    { url = "https://files.pythonhosted.org/packages/5b/aa/08a308d3aaa6e98511f3100f8a1e4e8ff8c853fa4ec3f18b71094ac36bbe/ijson-3.4.0.post0-cp310-cp310-musllinux_1_2_x86_64.whl", hash = "sha256:a56b6674d7feec0401c91f86c376f4e3d8ff8129128a8ad21ca43ec0b1242f79", size = 130439, upload-time = "2025-10-10T05:27:52.123Z" },
    { url = "https://files.pythonhosted.org/packages/56/46/3da05a044f335b97635d59eede016ea158fbf1b59e584149177b6524e1e5/ijson-3.4.0.post0-cp310-cp310-win32.whl", hash = "sha256:01767fcbd75a5fa5a626069787b41f04681216b798510d5f63bcf66884386368", size = 52004, upload-time = "2025-10-10T05:27:53.441Z" },
    { url = "https://files.pythonhosted.org/packages/60/d7/a126d58f379df16fa9a0c2532ac00ae3debf1d28c090020775bc735032b8/ijson-3.4.0.post0-cp310-cp310-win_amd64.whl", hash = "sha256:09127c06e5dec753feb9e4b8c5f6a23603d1cd672d098159a17e53a73b898eec", size = 54407, upload-time = "2025-10-10T05:27:54.259Z" },
    { url = "https://files.pythonhosted.org/packages/a7/ac/3d57249d4acba66a33eaef794edb5b2a2222ca449ae08800f8abe9286645/ijson-3.4.0.post0-cp311-cp311-macosx_10_9_universal2.whl", hash = "sha256:0b473112e72c0c506da425da3278367b6680f340ecc093084693a1e819d28435", size = 88278, upload-time = "2025-10-10T05:27:55.403Z" },
    { url = "https://files.pythonhosted.org/packages/12/fb/2d068d23d1a665f500282ceb6f2473952a95fc7107d739fd629b4ab41959/ijson-3.4.0.post0-cp311-cp311-macosx_10_9_x86_64.whl", hash = "sha256:043f9b7cf9cc744263a78175e769947733710d2412d25180df44b1086b23ebd5", size = 59898, upload-time = "2025-10-10T05:27:56.361Z" },
    { url = "https://files.pythonhosted.org/packages/26/3d/8b14589dfb0e5dbb7bcf9063e53d3617c041cf315ff3dfa60945382237ce/ijson-3.4.0.post0-cp311-cp311-macosx_11_0_arm64.whl", hash = "sha256:b55e49045f4c8031f3673f56662fd828dc9e8d65bd3b03a9420dda0d370e64ba", size = 59945, upload-time = "2025-10-10T05:27:57.581Z" },
    { url = "https://files.pythonhosted.org/packages/77/57/086a75094397d4b7584698a540a279689e12905271af78cdfc903bf9eaf8/ijson-3.4.0.post0-cp311-cp311-manylinux1_i686.manylinux_2_28_i686.manylinux_2_5_i686.whl", hash = "sha256:11f13b73194ea2a5a8b4a2863f25b0b4624311f10db3a75747b510c4958179b0", size = 131318, upload-time = "2025-10-10T05:27:58.453Z" },
    { url = "https://files.pythonhosted.org/packages/df/35/7f61e9ce4a9ff1306ec581eb851f8a660439126d92ee595c6dc8084aac97/ijson-3.4.0.post0-cp311-cp311-manylinux2014_aarch64.manylinux_2_17_aarch64.manylinux_2_28_aarch64.whl", hash = "sha256:659acb2843433e080c271ecedf7d19c71adde1ee5274fc7faa2fec0a793f9f1c", size = 137990, upload-time = "2025-10-10T05:27:59.328Z" },
    { url = "https://files.pythonhosted.org/packages/59/bf/590bbc3c3566adce5e2f43ba5894520cbaf19a3e7f38c1250926ba67eee4/ijson-3.4.0.post0-cp311-cp311-manylinux2014_x86_64.manylinux_2_17_x86_64.manylinux_2_28_x86_64.whl", hash = "sha256:deda4cfcaafa72ca3fa845350045b1d0fef9364ec9f413241bb46988afbe6ee6", size = 134416, upload-time = "2025-10-10T05:28:00.317Z" },
    { url = "https://files.pythonhosted.org/packages/24/c1/fb719049851979df71f3e039d6f1a565d349c9cb1b29c0f8775d9db141b4/ijson-3.4.0.post0-cp311-cp311-musllinux_1_2_aarch64.whl", hash = "sha256:47352563e8c594360bacee2e0753e97025f0861234722d02faace62b1b6d2b2a", size = 138034, upload-time = "2025-10-10T05:28:01.627Z" },
    { url = "https://files.pythonhosted.org/packages/10/ce/ccda891f572876aaf2c43f0b2079e31d5b476c3ae53196187eab1a788eff/ijson-3.4.0.post0-cp311-cp311-musllinux_1_2_i686.whl", hash = "sha256:5a48b9486242d1295abe7fd0fbb6308867da5ca3f69b55c77922a93c2b6847aa", size = 132510, upload-time = "2025-10-10T05:28:03.141Z" },
    { url = "https://files.pythonhosted.org/packages/11/b5/ca8e64ab7cf5252f358e467be767630f085b5bbcd3c04333a3a5f36c3dd3/ijson-3.4.0.post0-cp311-cp311-musllinux_1_2_x86_64.whl", hash = "sha256:9c0886234d1fae15cf4581a430bdba03d79251c1ab3b07e30aa31b13ef28d01c", size = 134907, upload-time = "2025-10-10T05:28:04.438Z" },
    { url = "https://files.pythonhosted.org/packages/93/14/63a4d5dc548690f29f0c2fc9cabd5ecbb37532547439c05f5b3b9ce73021/ijson-3.4.0.post0-cp311-cp311-win32.whl", hash = "sha256:fecae19b5187d92900c73debb3a979b0b3290a53f85df1f8f3c5ba7d1e9fb9cb", size = 52006, upload-time = "2025-10-10T05:28:05.424Z" },
    { url = "https://files.pythonhosted.org/packages/fa/bf/932740899e572a97f9be0c6cd64ebda557eae7701ac216fc284aba21786d/ijson-3.4.0.post0-cp311-cp311-win_amd64.whl", hash = "sha256:b39dbf87071f23a23c8077eea2ae7cfeeca9ff9ffec722dfc8b5f352e4dd729c", size = 54410, upload-time = "2025-10-10T05:28:06.264Z" },
    { url = "https://files.pythonhosted.org/packages/7d/fe/3b6af0025288e769dbfa30485dae1b3bd3f33f00390f3ee532cbb1c33e9b/ijson-3.4.0.post0-cp312-cp312-macosx_10_13_universal2.whl", hash = "sha256:b607a500fca26101be47d2baf7cddb457b819ab60a75ce51ed1092a40da8b2f9", size = 87847, upload-time = "2025-10-10T05:28:07.229Z" },
    { url = "https://files.pythonhosted.org/packages/6e/a5/95ee2ca82f3b1a57892452f6e5087607d56c620beb8ce625475194568698/ijson-3.4.0.post0-cp312-cp312-macosx_10_13_x86_64.whl", hash = "sha256:4827d9874a6a81625412c59f7ca979a84d01f7f6bfb3c6d4dc4c46d0382b14e0", size = 59815, upload-time = "2025-10-10T05:28:08.448Z" },
    { url = "https://files.pythonhosted.org/packages/51/8d/5a704ab3c17c55c21c86423458db8610626ca99cc9086a74dfeb7ee9054c/ijson-3.4.0.post0-cp312-cp312-macosx_11_0_arm64.whl", hash = "sha256:d4d4afec780881edb2a0d2dd40b1cdbe246e630022d5192f266172a0307986a7", size = 59648, upload-time = "2025-10-10T05:28:09.307Z" },
    { url = "https://files.pythonhosted.org/packages/25/56/ca5d6ca145d007f30b44e747f3c163bc08710ce004af0deaad4a2301339b/ijson-3.4.0.post0-cp312-cp312-manylinux1_i686.manylinux_2_28_i686.manylinux_2_5_i686.whl", hash = "sha256:432fb60ffb952926f9438e0539011e2dfcd108f8426ee826ccc6173308c3ff2c", size = 138279, upload-time = "2025-10-10T05:28:10.489Z" },
    { url = "https://files.pythonhosted.org/packages/c3/d3/22e3cc806fcdda7ad4c8482ed74db7a017d4a1d49b4300c7bc07052fb561/ijson-3.4.0.post0-cp312-cp312-manylinux2014_aarch64.manylinux_2_17_aarch64.manylinux_2_28_aarch64.whl", hash = "sha256:54a0e3e05d9a0c95ecba73d9579f146cf6d5c5874116c849dba2d39a5f30380e", size = 149110, upload-time = "2025-10-10T05:28:12.263Z" },
    { url = "https://files.pythonhosted.org/packages/3e/04/efb30f413648b9267f5a33920ac124d7ebef3bc4063af8f6ffc8ca11ddcb/ijson-3.4.0.post0-cp312-cp312-manylinux2014_x86_64.manylinux_2_17_x86_64.manylinux_2_28_x86_64.whl", hash = "sha256:05807edc0bcbd222dc6ea32a2b897f0c81dc7f12c8580148bc82f6d7f5e7ec7b", size = 149026, upload-time = "2025-10-10T05:28:13.557Z" },
    { url = "https://files.pythonhosted.org/packages/2d/cf/481165f7046ade32488719300a3994a437020bc41cfbb54334356348f513/ijson-3.4.0.post0-cp312-cp312-musllinux_1_2_aarch64.whl", hash = "sha256:a5269af16f715855d9864937f9dd5c348ca1ac49cee6a2c7a1b7091c159e874f", size = 150012, upload-time = "2025-10-10T05:28:14.859Z" },
    { url = "https://files.pythonhosted.org/packages/0f/24/642e3289917ecf860386e26dfde775f9962d26ab7f6c2e364ed3ca3c25d8/ijson-3.4.0.post0-cp312-cp312-musllinux_1_2_i686.whl", hash = "sha256:b200df83c901f5bfa416d069ac71077aa1608f854a4c50df1b84ced560e9c9ec", size = 142193, upload-time = "2025-10-10T05:28:16.131Z" },
    { url = "https://files.pythonhosted.org/packages/0f/f5/fd2f038abe95e553e1c3ee207cda19db9196eb416e63c7c89699a8cf0db7/ijson-3.4.0.post0-cp312-cp312-musllinux_1_2_x86_64.whl", hash = "sha256:6458bd8e679cdff459a0a5e555b107c3bbacb1f382da3fe0f40e392871eb518d", size = 150904, upload-time = "2025-10-10T05:28:17.401Z" },
    { url = "https://files.pythonhosted.org/packages/49/35/24259d22519987928164e6cb8fe3486e1df0899b2999ada4b0498639b463/ijson-3.4.0.post0-cp312-cp312-win32.whl", hash = "sha256:55f7f656b5986326c978cbb3a9eea9e33f3ef6ecc4535b38f1d452c731da39ab", size = 52358, upload-time = "2025-10-10T05:28:18.315Z" },
    { url = "https://files.pythonhosted.org/packages/a1/2b/6f7ade27a8ff5758fc41006dadd2de01730def84fe3e60553b329c59e0d4/ijson-3.4.0.post0-cp312-cp312-win_amd64.whl", hash = "sha256:e15833dcf6f6d188fdc624a31cd0520c3ba21b6855dc304bc7c1a8aeca02d4ac", size = 54789, upload-time = "2025-10-10T05:28:19.552Z" },
    { url = "https://files.pythonhosted.org/packages/1b/20/aaec6977f9d538bbadd760c7fa0f6a0937742abdcc920ec6478a8576e55f/ijson-3.4.0.post0-cp313-cp313-macosx_10_13_universal2.whl", hash = "sha256:114ed248166ac06377e87a245a158d6b98019d2bdd3bb93995718e0bd996154f", size = 87863, upload-time = "2025-10-10T05:28:20.786Z" },
    { url = "https://files.pythonhosted.org/packages/5b/29/06bf56a866e2fe21453a1ad8f3a5d7bca3c723f73d96329656dfee969783/ijson-3.4.0.post0-cp313-cp313-macosx_10_13_x86_64.whl", hash = "sha256:ffb21203736b08fe27cb30df6a4f802fafb9ef7646c5ff7ef79569b63ea76c57", size = 59806, upload-time = "2025-10-10T05:28:21.596Z" },
    { url = "https://files.pythonhosted.org/packages/ba/ae/e1d0fda91ba7a444b75f0d60cb845fdb1f55d3111351529dcbf4b1c276fe/ijson-3.4.0.post0-cp313-cp313-macosx_11_0_arm64.whl", hash = "sha256:07f20ecd748602ac7f18c617637e53bd73ded7f3b22260bba3abe401a7fc284e", size = 59643, upload-time = "2025-10-10T05:28:22.45Z" },
    { url = "https://files.pythonhosted.org/packages/4d/24/5a24533be2726396cc1724dc237bada09b19715b5bfb0e7b9400db0901ad/ijson-3.4.0.post0-cp313-cp313-manylinux1_i686.manylinux_2_28_i686.manylinux_2_5_i686.whl", hash = "sha256:27aa193d47ffc6bc4e45453896ad98fb089a367e8283b973f1fe5c0198b60b4e", size = 138082, upload-time = "2025-10-10T05:28:23.319Z" },
    { url = "https://files.pythonhosted.org/packages/05/60/026c3efcec23c329657e878cbc0a9a25b42e7eb3971e8c2377cb3284e2b7/ijson-3.4.0.post0-cp313-cp313-manylinux2014_aarch64.manylinux_2_17_aarch64.manylinux_2_28_aarch64.whl", hash = "sha256:ccddb2894eb7af162ba43b9475ac5825d15d568832f82eb8783036e5d2aebd42", size = 149145, upload-time = "2025-10-10T05:28:24.279Z" },
    { url = "https://files.pythonhosted.org/packages/ed/c2/036499909b7a1bc0bcd85305e4348ad171aeb9df57581287533bdb3497e9/ijson-3.4.0.post0-cp313-cp313-manylinux2014_x86_64.manylinux_2_17_x86_64.manylinux_2_28_x86_64.whl", hash = "sha256:61ab0b8c5bf707201dc67e02c116f4b6545c4afd7feb2264b989d242d9c4348a", size = 149046, upload-time = "2025-10-10T05:28:25.186Z" },
    { url = "https://files.pythonhosted.org/packages/ba/75/e7736073ad96867c129f9e799e3e65086badd89dbf3911f76d9b3bf8a115/ijson-3.4.0.post0-cp313-cp313-musllinux_1_2_aarch64.whl", hash = "sha256:254cfb8c124af68327a0e7a49b50bbdacafd87c4690a3d62c96eb01020a685ef", size = 150356, upload-time = "2025-10-10T05:28:26.135Z" },
    { url = "https://files.pythonhosted.org/packages/9d/1b/1c1575d2cda136985561fcf774fe6c54412cd0fa08005342015af0403193/ijson-3.4.0.post0-cp313-cp313-musllinux_1_2_i686.whl", hash = "sha256:04ac9ca54db20f82aeda6379b5f4f6112fdb150d09ebce04affeab98a17b4ed3", size = 142322, upload-time = "2025-10-10T05:28:27.125Z" },
    { url = "https://files.pythonhosted.org/packages/28/4d/aba9871feb624df8494435d1a9ddc7b6a4f782c6044bfc0d770a4b59f145/ijson-3.4.0.post0-cp313-cp313-musllinux_1_2_x86_64.whl", hash = "sha256:a603d7474bf35e7b3a8e49c8dabfc4751841931301adff3f3318171c4e407f32", size = 151386, upload-time = "2025-10-10T05:28:28.274Z" },
    { url = "https://files.pythonhosted.org/packages/3f/9a/791baa83895fb6e492bce2c7a0ea6427b6a41fe854349e62a37d0c9deaf0/ijson-3.4.0.post0-cp313-cp313-win32.whl", hash = "sha256:ec5bb1520cb212ebead7dba048bb9b70552c3440584f83b01b0abc96862e2a09", size = 52352, upload-time = "2025-10-10T05:28:29.191Z" },
    { url = "https://files.pythonhosted.org/packages/a9/0c/061f51493e1da21116d74ee8f6a6b9ae06ca5fa2eb53c3b38b64f9a9a5ae/ijson-3.4.0.post0-cp313-cp313-win_amd64.whl", hash = "sha256:3505dff18bdeb8b171eb28af6df34857e2be80dc01e2e3b624e77215ad58897f", size = 54783, upload-time = "2025-10-10T05:28:30.048Z" },
    { url = "https://files.pythonhosted.org/packages/c7/89/4344e176f2c5f5ef3251c9bfa4ddd5b4cf3f9601fd6ec3f677a3ba0b9c71/ijson-3.4.0.post0-cp313-cp313t-macosx_10_13_universal2.whl", hash = "sha256:45a0b1c833ed2620eaf8da958f06ac8351c59e5e470e078400d23814670ed708", size = 92342, upload-time = "2025-10-10T05:28:31.389Z" },
    { url = "https://files.pythonhosted.org/packages/d4/b1/85012c586a6645f9fb8bfa3ef62ed2f303c8d73fc7c2f705111582925980/ijson-3.4.0.post0-cp313-cp313t-macosx_10_13_x86_64.whl", hash = "sha256:7809ec8c8f40228edaaa089f33e811dff4c5b8509702652870d3f286c9682e27", size = 62028, upload-time = "2025-10-10T05:28:32.849Z" },
    { url = "https://files.pythonhosted.org/packages/65/ea/7b7e2815c101d78b33e74d64ddb70cccc377afccd5dda76e566ed3fcb56f/ijson-3.4.0.post0-cp313-cp313t-macosx_11_0_arm64.whl", hash = "sha256:cf4a34c2cfe852aee75c89c05b0a4531c49dc0be27eeed221afd6fbf9c3e149c", size = 61773, upload-time = "2025-10-10T05:28:34.016Z" },
    { url = "https://files.pythonhosted.org/packages/59/7d/2175e599cb77a64f528629bad3ce95dfdf2aa6171d313c1fc00bbfaf0d22/ijson-3.4.0.post0-cp313-cp313t-manylinux1_i686.manylinux_2_28_i686.manylinux_2_5_i686.whl", hash = "sha256:a39d5d36067604b26b78de70b8951c90e9272450642661fe531a8f7a6936a7fa", size = 198562, upload-time = "2025-10-10T05:28:34.878Z" },
    { url = "https://files.pythonhosted.org/packages/13/97/82247c501c92405bb2fc44ab5efb497335bcb9cf0f5d3a0b04a800737bd8/ijson-3.4.0.post0-cp313-cp313t-manylinux2014_aarch64.manylinux_2_17_aarch64.manylinux_2_28_aarch64.whl", hash = "sha256:83fc738d81c9ea686b452996110b8a6678296c481e0546857db24785bff8da92", size = 216212, upload-time = "2025-10-10T05:28:36.208Z" },
    { url = "https://files.pythonhosted.org/packages/95/ca/b956f507bb02e05ce109fd11ab6a2c054f8b686cc5affe41afe50630984d/ijson-3.4.0.post0-cp313-cp313t-manylinux2014_x86_64.manylinux_2_17_x86_64.manylinux_2_28_x86_64.whl", hash = "sha256:b2a81aee91633868f5b40280e2523f7c5392e920a5082f47c5e991e516b483f6", size = 206618, upload-time = "2025-10-10T05:28:37.243Z" },
    { url = "https://files.pythonhosted.org/packages/3e/12/e827840ab81d86a9882e499097934df53294f05155f1acfcb9a211ac1142/ijson-3.4.0.post0-cp313-cp313t-musllinux_1_2_aarch64.whl", hash = "sha256:56169e298c5a2e7196aaa55da78ddc2415876a74fe6304f81b1eb0d3273346f7", size = 210689, upload-time = "2025-10-10T05:28:38.252Z" },
    { url = "https://files.pythonhosted.org/packages/1b/3b/59238d9422c31a4aefa22ebeb8e599e706158a0ab03669ef623be77a499a/ijson-3.4.0.post0-cp313-cp313t-musllinux_1_2_i686.whl", hash = "sha256:eeb9540f0b1a575cbb5968166706946458f98c16e7accc6f2fe71efa29864241", size = 199927, upload-time = "2025-10-10T05:28:39.233Z" },
    { url = "https://files.pythonhosted.org/packages/b6/0f/ec01c36c128c37edb8a5ae8f3de3256009f886338d459210dfe121ee4ba9/ijson-3.4.0.post0-cp313-cp313t-musllinux_1_2_x86_64.whl", hash = "sha256:ba3478ff0bb49d7ba88783f491a99b6e3fa929c930ab062d2bb7837e6a38fe88", size = 204455, upload-time = "2025-10-10T05:28:40.644Z" },
    { url = "https://files.pythonhosted.org/packages/c8/cf/5560e1db96c6d10a5313be76bf5a1754266cbfb5cc13ff64d107829e07b1/ijson-3.4.0.post0-cp313-cp313t-win32.whl", hash = "sha256:b005ce84e82f28b00bf777a464833465dfe3efa43a0a26c77b5ac40723e1a728", size = 54566, upload-time = "2025-10-10T05:28:41.663Z" },
    { url = "https://files.pythonhosted.org/packages/22/5a/cbb69144c3b25dd56f5421ff7dc0cf3051355579062024772518e4f4b3c5/ijson-3.4.0.post0-cp313-cp313t-win_amd64.whl", hash = "sha256:fe9c84c9b1c8798afa407be1cea1603401d99bfc7c34497e19f4f5e5ddc9b441", size = 57298, upload-time = "2025-10-10T05:28:42.881Z" },
    { url = "https://files.pythonhosted.org/packages/af/0b/a4ce8524fd850302bbf5d9f38d07c0fa981fdbe44951d2fcd036935b67dd/ijson-3.4.0.post0-cp314-cp314-macosx_10_13_universal2.whl", hash = "sha256:da6a21b88cbf5ecbc53371283988d22c9643aa71ae2873bbeaefd2dea3b6160b", size = 88361, upload-time = "2025-10-10T05:28:43.73Z" },
    { url = "https://files.pythonhosted.org/packages/be/90/a5e5f33e46f28174a9c8142d12dcb3d26ce358d9a2230b9b15f5c987b3a5/ijson-3.4.0.post0-cp314-cp314-macosx_10_13_x86_64.whl", hash = "sha256:cf24a48a1c3ca9d44a04feb59ccefeb9aa52bb49b9cb70ad30518c25cce74bb7", size = 59960, upload-time = "2025-10-10T05:28:44.585Z" },
    { url = "https://files.pythonhosted.org/packages/83/e2/551dd7037dda759aa0ce53f0d3d7be03b03c6b05c0b0a5d5ab7a47e6b4b1/ijson-3.4.0.post0-cp314-cp314-macosx_11_0_arm64.whl", hash = "sha256:d14427d366f95f21adcb97d0ed1f6d30f6fdc04d0aa1e4de839152c50c2b8d65", size = 59957, upload-time = "2025-10-10T05:28:45.748Z" },
    { url = "https://files.pythonhosted.org/packages/ac/b9/3006384f85cc26cf83dbbd542d362cc336f1e1ddd491e32147cfa46ea8ae/ijson-3.4.0.post0-cp314-cp314-manylinux1_i686.manylinux_2_28_i686.manylinux_2_5_i686.whl", hash = "sha256:339d49f6c5d24051c85d9226be96d2d56e633cb8b7d09dd8099de8d8b51a97e2", size = 139967, upload-time = "2025-10-10T05:28:47.229Z" },
    { url = "https://files.pythonhosted.org/packages/77/3b/b5234add8115cbfe8635b6c152fb527327f45e4c0f0bf2e93844b36b5217/ijson-3.4.0.post0-cp314-cp314-manylinux2014_aarch64.manylinux_2_17_aarch64.manylinux_2_28_aarch64.whl", hash = "sha256:7206afcb396aaef66c2b066997b4e9d9042c4b7d777f4d994e9cec6d322c2fe6", size = 149196, upload-time = "2025-10-10T05:28:48.226Z" },
    { url = "https://files.pythonhosted.org/packages/a2/d2/c4ae543e37d7a9fba09740c221976a63705dbad23a9cda9022fc9fa0f3de/ijson-3.4.0.post0-cp314-cp314-manylinux2014_x86_64.manylinux_2_17_x86_64.manylinux_2_28_x86_64.whl", hash = "sha256:c8dd327da225887194fe8b93f2b3c9c256353e14a6b9eefc940ed17fde38f5b8", size = 148516, upload-time = "2025-10-10T05:28:49.237Z" },
    { url = "https://files.pythonhosted.org/packages/0d/a1/914b5fb1c26af2474cd04841626e0e95576499a4ca940661fb105ee12dd2/ijson-3.4.0.post0-cp314-cp314-musllinux_1_2_aarch64.whl", hash = "sha256:4810546e66128af51fd4a0c9a640e84e8508e9c15c4f247d8a3e3253b20e1465", size = 149770, upload-time = "2025-10-10T05:28:50.501Z" },
    { url = "https://files.pythonhosted.org/packages/7a/c1/51c3584102d0d85d4aa10cc88dbbe431ecb9fe98160a9e2fad62a4456aed/ijson-3.4.0.post0-cp314-cp314-musllinux_1_2_i686.whl", hash = "sha256:103a0838061297d063bca81d724b0958b616f372bd893bbc278320152252c652", size = 143688, upload-time = "2025-10-10T05:28:51.823Z" },
    { url = "https://files.pythonhosted.org/packages/47/3d/a54f13d766332620bded8ee76bcdd274509ecc53cf99573450f95b3ad910/ijson-3.4.0.post0-cp314-cp314-musllinux_1_2_x86_64.whl", hash = "sha256:40007c977e230e04118b27322f25a72ae342a3d61464b2057fcd9b21eeb7427a", size = 150688, upload-time = "2025-10-10T05:28:52.757Z" },
    { url = "https://files.pythonhosted.org/packages/72/49/43d97cccf3266da7c044bd42e5083340ad1fd97fbb16d1bcd6791fd8918f/ijson-3.4.0.post0-cp314-cp314-win32.whl", hash = "sha256:f932969fc1fd4449ca141cf5f47ff357656a154a361f28d9ebca0badc5b02297", size = 52882, upload-time = "2025-10-10T05:28:53.708Z" },
    { url = "https://files.pythonhosted.org/packages/e9/f0/008f1ed4e0fc6f6dc7a5a82ecf08a59bb212514e158954374d440d700e6c/ijson-3.4.0.post0-cp314-cp314-win_amd64.whl", hash = "sha256:3ed19b1e4349240773a8ce4a4bfa450892d4a57949c02c515cd6be5a46b7696a", size = 55568, upload-time = "2025-10-10T05:28:54.79Z" },
    { url = "https://files.pythonhosted.org/packages/69/1c/8a199fded709e762aced89bb7086973c837e432dd714bbad78a6ac789c23/ijson-3.4.0.post0-cp314-cp314t-macosx_10_13_universal2.whl", hash = "sha256:226447e40ca9340a39ed07d68ea02ee14b52cb4fe649425b256c1f0073531c83", size = 92345, upload-time = "2025-10-10T05:28:55.657Z" },
    { url = "https://files.pythonhosted.org/packages/be/60/04e97f6a403203bd2eb8849570bdce5719d696b5fb96aa2a62566fe7a1d9/ijson-3.4.0.post0-cp314-cp314t-macosx_10_13_x86_64.whl", hash = "sha256:2c88f0669d45d4b1aa017c9b68d378e7cd15d188dfb6f0209adc78b7f45590a7", size = 62029, upload-time = "2025-10-10T05:28:56.561Z" },
    { url = "https://files.pythonhosted.org/packages/2a/97/e88295f9456ba939d90d4603af28fcabda3b443ef55e709e9381df3daa58/ijson-3.4.0.post0-cp314-cp314t-macosx_11_0_arm64.whl", hash = "sha256:56b3089dc28c12492d92cc4896d2be585a89ecae34e25d08c1df88f21815cb50", size = 61776, upload-time = "2025-10-10T05:28:57.401Z" },
    { url = "https://files.pythonhosted.org/packages/1b/9f/0e9c236e720c2de887ab0d7cad8a15d2aa55fb449f792437fc99899957a9/ijson-3.4.0.post0-cp314-cp314t-manylinux1_i686.manylinux_2_28_i686.manylinux_2_5_i686.whl", hash = "sha256:c117321cfa7b749cc1213f9b4c80dc958f0a206df98ec038ae4bcbbdb8463a15", size = 199808, upload-time = "2025-10-10T05:28:58.62Z" },
    { url = "https://files.pythonhosted.org/packages/0e/70/c21de30e7013e074924cd82057acfc5760e7b2cc41180f80770621b0ad36/ijson-3.4.0.post0-cp314-cp314t-manylinux2014_aarch64.manylinux_2_17_aarch64.manylinux_2_28_aarch64.whl", hash = "sha256:8311f48db6a33116db5c81682f08b6e2405501a4b4e460193ae69fec3cd1f87a", size = 217152, upload-time = "2025-10-10T05:28:59.656Z" },
    { url = "https://files.pythonhosted.org/packages/64/78/63a0bcc0707037df4e22bb836451279d850592258c859685a402c27f5d6d/ijson-3.4.0.post0-cp314-cp314t-manylinux2014_x86_64.manylinux_2_17_x86_64.manylinux_2_28_x86_64.whl", hash = "sha256:91c61a3e63e04da648737e6b4abd537df1b46fb8cdf3219b072e790bb3c1a46b", size = 207663, upload-time = "2025-10-10T05:29:00.73Z" },
    { url = "https://files.pythonhosted.org/packages/7d/85/834e9838d69893cb7567e1210be044444213c78f7414aaf1cd241df16078/ijson-3.4.0.post0-cp314-cp314t-musllinux_1_2_aarch64.whl", hash = "sha256:1709171023ce82651b2f132575c2e6282e47f64ad67bd3260da476418d0e7895", size = 211157, upload-time = "2025-10-10T05:29:01.87Z" },
    { url = "https://files.pythonhosted.org/packages/2e/9b/9fda503799ebc30397710552e5dedc1d98d9ea6a694e5717415892623a94/ijson-3.4.0.post0-cp314-cp314t-musllinux_1_2_i686.whl", hash = "sha256:5f0a72b1e3c0f78551670c12b2fdc1bf05f2796254d9c2055ba319bec2216020", size = 200231, upload-time = "2025-10-10T05:29:02.883Z" },
    { url = "https://files.pythonhosted.org/packages/15/f3/6419d1d5795a16591233d3aa3747b084e82c0c1d7184bdad9be638174560/ijson-3.4.0.post0-cp314-cp314t-musllinux_1_2_x86_64.whl", hash = "sha256:b982a3597b0439ce9c8f4cfc929d86c6ed43907908be1e8463a34dc35fe5b258", size = 204825, upload-time = "2025-10-10T05:29:04.242Z" },
    { url = "https://files.pythonhosted.org/packages/1f/8d/a520e6902129c55fa94428ea0a22e8547540d5e7ca30f18b39594a5feea2/ijson-3.4.0.post0-cp314-cp314t-win32.whl", hash = "sha256:4e39bfdc36b0b460ef15a06550a6a385c64c81f7ac205ccff39bd45147918912", size = 55559, upload-time = "2025-10-10T05:29:05.681Z" },
    { url = "https://files.pythonhosted.org/packages/20/67/0ac6dd0045957ba1270b7b1860864f7d8cea4062e70b1083134c587e5768/ijson-3.4.0.post0-cp314-cp314t-win_amd64.whl", hash = "sha256:17e45262a5ddef39894013fb1548ee7094e444c8389eb1a97f86708b19bea03e", size = 58238, upload-time = "2025-10-10T05:29:06.656Z" },
    { url = "https://files.pythonhosted.org/packages/43/66/27cfcea16e85b95e33814eae2052dab187206b8820cdd90aa39d32ffb441/ijson-3.4.0.post0-pp311-pypy311_pp73-macosx_10_15_x86_64.whl", hash = "sha256:add9242f886eae844a7410b84aee2bbb8bdc83c624f227cb1fdb2d0476a96cb1", size = 57029, upload-time = "2025-10-10T05:29:19.733Z" },
    { url = "https://files.pythonhosted.org/packages/b8/1b/df3f1561c6629241fb2f8bd7ea1da14e3c2dd16fe9d7cbc97120870ed09c/ijson-3.4.0.post0-pp311-pypy311_pp73-macosx_11_0_arm64.whl", hash = "sha256:69718ed41710dfcaa7564b0af42abc05875d4f7aaa24627c808867ef32634bc7", size = 56523, upload-time = "2025-10-10T05:29:20.641Z" },
    { url = "https://files.pythonhosted.org/packages/39/0a/6c6a3221ddecf62b696fde0e864415237e05b9a36ab6685a606b8fb3b5a2/ijson-3.4.0.post0-pp311-pypy311_pp73-manylinux1_i686.manylinux_2_28_i686.manylinux_2_5_i686.whl", hash = "sha256:636b6eca96c6c43c04629c6b37fad0181662eaacf9877c71c698485637f752f9", size = 70546, upload-time = "2025-10-10T05:29:21.526Z" },
    { url = "https://files.pythonhosted.org/packages/42/cb/edf69755e86a3a9f8b418efd60239cb308af46c7c8e12f869423f51c9851/ijson-3.4.0.post0-pp311-pypy311_pp73-manylinux2014_aarch64.manylinux_2_17_aarch64.manylinux_2_28_aarch64.whl", hash = "sha256:eb5e73028f6e63d27b3d286069fe350ed80a4ccc493b022b590fea4bb086710d", size = 70532, upload-time = "2025-10-10T05:29:22.718Z" },
    { url = "https://files.pythonhosted.org/packages/96/7e/c8730ea39b8712622cd5a1bdff676098208400e37bb92052ba52f93e2aa1/ijson-3.4.0.post0-pp311-pypy311_pp73-manylinux2014_x86_64.manylinux_2_17_x86_64.manylinux_2_28_x86_64.whl", hash = "sha256:461acf4320219459dabe5ed90a45cb86c9ba8cc6d6db9dad0d9427d42f57794c", size = 67927, upload-time = "2025-10-10T05:29:23.596Z" },
    { url = "https://files.pythonhosted.org/packages/ec/f2/53b6e9bdd2a91202066764eaa74b572ba4dede0fe47a5a26f4de34b7541a/ijson-3.4.0.post0-pp311-pypy311_pp73-win_amd64.whl", hash = "sha256:a0fedf09c0f6ffa2a99e7e7fd9c5f3caf74e655c1ee015a0797383e99382ebc3", size = 54657, upload-time = "2025-10-10T05:29:24.482Z" },
]

[[package]]
name = "json-repair"
version = "0.54.3"
source = { registry = "https://pypi.org/simple" }
sdist = { url = "https://files.pythonhosted.org/packages/b5/86/48b12ac02032f121ac7e5f11a32143edca6c1e3d19ffc54d6fb9ca0aafd0/json_repair-0.54.3.tar.gz", hash = "sha256:e50feec9725e52ac91f12184609754684ac1656119dfbd31de09bdaf9a1d8bf6", size = 38626, upload-time = "2025-12-15T09:41:58.594Z" }
wheels = [
    { url = "https://files.pythonhosted.org/packages/e9/08/abe317237add63c3e62f18a981bccf92112b431835b43d844aedaf61f4a0/json_repair-0.54.3-py3-none-any.whl", hash = "sha256:4cdc132ee27d4780576f71bf27a113877046224a808bfc17392e079cb344fb81", size = 29357, upload-time = "2025-12-15T09:41:57.436Z" },
]

[[package]]
name = "linkify-it-py"
version = "2.0.3"
source = { registry = "https://pypi.org/simple" }
dependencies = [
    { name = "uc-micro-py" },
]
sdist = { url = "https://files.pythonhosted.org/packages/2a/ae/bb56c6828e4797ba5a4821eec7c43b8bf40f69cda4d4f5f8c8a2810ec96a/linkify-it-py-2.0.3.tar.gz", hash = "sha256:68cda27e162e9215c17d786649d1da0021a451bdc436ef9e0fa0ba5234b9b048", size = 27946, upload-time = "2024-02-04T14:48:04.179Z" }
wheels = [
    { url = "https://files.pythonhosted.org/packages/04/1e/b832de447dee8b582cac175871d2f6c3d5077cc56d5575cadba1fd1cccfa/linkify_it_py-2.0.3-py3-none-any.whl", hash = "sha256:6bcbc417b0ac14323382aef5c5192c0075bf8a9d6b41820a2b66371eac6b6d79", size = 19820, upload-time = "2024-02-04T14:48:02.496Z" },
]

[[package]]
name = "markdown-it-py"
version = "4.0.0"
source = { registry = "https://pypi.org/simple" }
dependencies = [
    { name = "mdurl" },
]
sdist = { url = "https://files.pythonhosted.org/packages/5b/f5/4ec618ed16cc4f8fb3b701563655a69816155e79e24a17b651541804721d/markdown_it_py-4.0.0.tar.gz", hash = "sha256:cb0a2b4aa34f932c007117b194e945bd74e0ec24133ceb5bac59009cda1cb9f3", size = 73070, upload-time = "2025-08-11T12:57:52.854Z" }
wheels = [
    { url = "https://files.pythonhosted.org/packages/94/54/e7d793b573f298e1c9013b8c4dade17d481164aa517d1d7148619c2cedbf/markdown_it_py-4.0.0-py3-none-any.whl", hash = "sha256:87327c59b172c5011896038353a81343b6754500a08cd7a4973bb48c6d578147", size = 87321, upload-time = "2025-08-11T12:57:51.923Z" },
]

[package.optional-dependencies]
linkify = [
    { name = "linkify-it-py" },
]

[[package]]
name = "mdit-py-plugins"
version = "0.5.0"
source = { registry = "https://pypi.org/simple" }
dependencies = [
    { name = "markdown-it-py" },
]
sdist = { url = "https://files.pythonhosted.org/packages/b2/fd/a756d36c0bfba5f6e39a1cdbdbfdd448dc02692467d83816dff4592a1ebc/mdit_py_plugins-0.5.0.tar.gz", hash = "sha256:f4918cb50119f50446560513a8e311d574ff6aaed72606ddae6d35716fe809c6", size = 44655, upload-time = "2025-08-11T07:25:49.083Z" }
wheels = [
    { url = "https://files.pythonhosted.org/packages/fb/86/dd6e5db36df29e76c7a7699123569a4a18c1623ce68d826ed96c62643cae/mdit_py_plugins-0.5.0-py3-none-any.whl", hash = "sha256:07a08422fc1936a5d26d146759e9155ea466e842f5ab2f7d2266dd084c8dab1f", size = 57205, upload-time = "2025-08-11T07:25:47.597Z" },
]

[[package]]
name = "mdurl"
version = "0.1.2"
source = { registry = "https://pypi.org/simple" }
sdist = { url = "https://files.pythonhosted.org/packages/d6/54/cfe61301667036ec958cb99bd3efefba235e65cdeb9c84d24a8293ba1d90/mdurl-0.1.2.tar.gz", hash = "sha256:bb413d29f5eea38f31dd4754dd7377d4465116fb207585f97bf925588687c1ba", size = 8729, upload-time = "2022-08-14T12:40:10.846Z" }
wheels = [
    { url = "https://files.pythonhosted.org/packages/b3/38/89ba8ad64ae25be8de66a6d463314cf1eb366222074cfda9ee839c56a4b4/mdurl-0.1.2-py3-none-any.whl", hash = "sha256:84008a41e51615a49fc9966191ff91509e3c40b939176e643fd50a5c2196b8f8", size = 9979, upload-time = "2022-08-14T12:40:09.779Z" },
]

[[package]]
name = "platformdirs"
version = "4.5.0"
source = { registry = "https://pypi.org/simple" }
sdist = { url = "https://files.pythonhosted.org/packages/61/33/9611380c2bdb1225fdef633e2a9610622310fed35ab11dac9620972ee088/platformdirs-4.5.0.tar.gz", hash = "sha256:70ddccdd7c99fc5942e9fc25636a8b34d04c24b335100223152c2803e4063312", size = 21632, upload-time = "2025-10-08T17:44:48.791Z" }
wheels = [
    { url = "https://files.pythonhosted.org/packages/73/cb/ac7874b3e5d58441674fb70742e6c374b28b0c7cb988d37d991cde47166c/platformdirs-4.5.0-py3-none-any.whl", hash = "sha256:e578a81bb873cbb89a41fcc904c7ef523cc18284b7e3b3ccf06aca1403b7ebd3", size = 18651, upload-time = "2025-10-08T17:44:47.223Z" },
]

[[package]]
name = "pygments"
version = "2.19.2"
source = { registry = "https://pypi.org/simple" }
sdist = { url = "https://files.pythonhosted.org/packages/b0/77/a5b8c569bf593b0140bde72ea885a803b82086995367bf2037de0159d924/pygments-2.19.2.tar.gz", hash = "sha256:636cb2477cec7f8952536970bc533bc43743542f70392ae026374600add5b887", size = 4968631, upload-time = "2025-06-21T13:39:12.283Z" }
wheels = [
    { url = "https://files.pythonhosted.org/packages/c7/21/705964c7812476f378728bdf590ca4b771ec72385c533964653c68e86bdc/pygments-2.19.2-py3-none-any.whl", hash = "sha256:86540386c03d588bb81d44bc3928634ff26449851e99741617ecb9037ee5ec0b", size = 1225217, upload-time = "2025-06-21T13:39:07.939Z" },
]

[[package]]
name = "pyperclip"
version = "1.11.0"
source = { registry = "https://pypi.org/simple" }
sdist = { url = "https://files.pythonhosted.org/packages/e8/52/d87eba7cb129b81563019d1679026e7a112ef76855d6159d24754dbd2a51/pyperclip-1.11.0.tar.gz", hash = "sha256:244035963e4428530d9e3a6101a1ef97209c6825edab1567beac148ccc1db1b6", size = 12185, upload-time = "2025-09-26T14:40:37.245Z" }
wheels = [
    { url = "https://files.pythonhosted.org/packages/df/80/fc9d01d5ed37ba4c42ca2b55b4339ae6e200b456be3a1aaddf4a9fa99b8c/pyperclip-1.11.0-py3-none-any.whl", hash = "sha256:299403e9ff44581cb9ba2ffeed69c7aa96a008622ad0c46cb575ca75b5b84273", size = 11063, upload-time = "2025-09-26T14:40:36.069Z" },
]

[[package]]
name = "rich"
version = "14.2.0"
source = { registry = "https://pypi.org/simple" }
dependencies = [
    { name = "markdown-it-py" },
    { name = "pygments" },
]
sdist = { url = "https://files.pythonhosted.org/packages/fb/d2/8920e102050a0de7bfabeb4c4614a49248cf8d5d7a8d01885fbb24dc767a/rich-14.2.0.tar.gz", hash = "sha256:73ff50c7c0c1c77c8243079283f4edb376f0f6442433aecb8ce7e6d0b92d1fe4", size = 219990, upload-time = "2025-10-09T14:16:53.064Z" }
wheels = [
    { url = "https://files.pythonhosted.org/packages/25/7a/b0178788f8dc6cafce37a212c99565fa1fe7872c70c6c9c1e1a372d9d88f/rich-14.2.0-py3-none-any.whl", hash = "sha256:76bc51fe2e57d2b1be1f96c524b890b816e334ab4c1e45888799bfaab0021edd", size = 243393, upload-time = "2025-10-09T14:16:51.245Z" },
]

[[package]]
name = "textual"
version = "6.7.1"
source = { registry = "https://pypi.org/simple" }
dependencies = [
    { name = "markdown-it-py", extra = ["linkify"] },
    { name = "mdit-py-plugins" },
    { name = "platformdirs" },
    { name = "pygments" },
    { name = "rich" },
    { name = "typing-extensions" },
]
sdist = { url = "https://files.pythonhosted.org/packages/ab/00/9520327698acb6d8ae120b311ef1901840d55a6c41580e377f36261daf7a/textual-6.7.1.tar.gz", hash = "sha256:2a5acb0ab316a7ba9e74b0a291fab8933d681d7cf6f4e1eeb45c39a731b094cf", size = 1580916, upload-time = "2025-12-01T20:57:25.578Z" }
wheels = [
    { url = "https://files.pythonhosted.org/packages/2f/7a/7f3ea5e6f26d546ee4bd107df8fc9eef9f149dab0f6f15e1fc9f9413231f/textual-6.7.1-py3-none-any.whl", hash = "sha256:b92977ac5941dd37b6b7dc0ac021850ce8d9bf2e123c5bab7ff2016f215272e0", size = 713993, upload-time = "2025-12-01T20:57:23.698Z" },
]

[[package]]
name = "twg"
version = "2.0.0"
source = { editable = "." }
dependencies = [
    { name = "ijson" },
    { name = "json-repair" },
    { name = "pyperclip" },
    { name = "rich" },
    { name = "textual" },
]

[package.metadata]
requires-dist = [
    { name = "ijson", specifier = ">=3.2.0" },
    { name = "json-repair", specifier = ">=0.30.0" },
    { name = "pyperclip", specifier = ">=1.8.2" },
    { name = "rich", specifier = ">=13.0.0" },
    { name = "textual", specifier = ">=0.41.0" },
]

[[package]]
name = "typing-extensions"
version = "4.15.0"
source = { registry = "https://pypi.org/simple" }
sdist = { url = "https://files.pythonhosted.org/packages/72/94/1a15dd82efb362ac84269196e94cf00f187f7ed21c242792a923cdb1c61f/typing_extensions-4.15.0.tar.gz", hash = "sha256:0cea48d173cc12fa28ecabc3b837ea3cf6f38c6d1136f85cbaaf598984861466", size = 109391, upload-time = "2025-08-25T13:49:26.313Z" }
wheels = [
    { url = "https://files.pythonhosted.org/packages/18/67/36e9267722cc04a6b9f15c7f3441c2363321a3ea07da7ae0c0707beb2a9c/typing_extensions-4.15.0-py3-none-any.whl", hash = "sha256:f0fa19c6845758ab08074a0cfa8b7aecb71c999ca73d62883bc25cc018c4e548", size = 44614, upload-time = "2025-08-25T13:49:24.86Z" },
]

[[package]]
name = "uc-micro-py"
version = "1.0.3"
source = { registry = "https://pypi.org/simple" }
sdist = { url = "https://files.pythonhosted.org/packages/91/7a/146a99696aee0609e3712f2b44c6274566bc368dfe8375191278045186b8/uc-micro-py-1.0.3.tar.gz", hash = "sha256:d321b92cff673ec58027c04015fcaa8bb1e005478643ff4a500882eaab88c48a", size = 6043, upload-time = "2024-02-09T16:52:01.654Z" }
wheels = [
    { url = "https://files.pythonhosted.org/packages/37/87/1f677586e8ac487e29672e4b17455758fce261de06a0d086167bb760361a/uc_micro_py-1.0.3-py3-none-any.whl", hash = "sha256:db1dffff340817673d7b466ec86114a9dc0e9d4d9b5ba229d9d60e5c12600cd5", size = 6229, upload-time = "2024-02-09T16:52:00.371Z" },
]
